// !$*UTF8*$!
{
	archiveVersion = 1;
	classes = {
	};
	objectVersion = 55;
	objects = {

/* Begin PBXBuildFile section */
		53CF298A2865816500661FB3 /* MobileApp.swift in Sources */ = {isa = PBXBuildFile; fileRef = 53CF29892865816500661FB3 /* MobileApp.swift */; };
		53CF298C2865816500661FB3 /* ContentView.swift in Sources */ = {isa = PBXBuildFile; fileRef = 53CF298B2865816500661FB3 /* ContentView.swift */; };
		53CF298E2865816600661FB3 /* Assets.xcassets in Resources */ = {isa = PBXBuildFile; fileRef = 53CF298D2865816600661FB3 /* Assets.xcassets */; };
		53CF29912865816600661FB3 /* Preview Assets.xcassets in Resources */ = {isa = PBXBuildFile; fileRef = 53CF29902865816600661FB3 /* Preview Assets.xcassets */; };
		53CF299B2865816700661FB3 /* MobileTests.swift in Sources */ = {isa = PBXBuildFile; fileRef = 53CF299A2865816700661FB3 /* MobileTests.swift */; };
		53CF29A52865816700661FB3 /* MobileUITests.swift in Sources */ = {isa = PBXBuildFile; fileRef = 53CF29A42865816700661FB3 /* MobileUITests.swift */; };
		53CF29A72865816700661FB3 /* MobileUITestsLaunchTests.swift in Sources */ = {isa = PBXBuildFile; fileRef = 53CF29A62865816700661FB3 /* MobileUITestsLaunchTests.swift */; };
		53CF29B52865A05600661FB3 /* WordPress.swift in Sources */ = {isa = PBXBuildFile; fileRef = 53CF29B42865A05600661FB3 /* WordPress.swift */; };
/* End PBXBuildFile section */

/* Begin PBXContainerItemProxy section */
		53CF29972865816700661FB3 /* PBXContainerItemProxy */ = {
			isa = PBXContainerItemProxy;
			containerPortal = 53CF297E2865816500661FB3 /* Project object */;
			proxyType = 1;
			remoteGlobalIDString = 53CF29852865816500661FB3;
			remoteInfo = Mobile;
		};
		53CF29A12865816700661FB3 /* PBXContainerItemProxy */ = {
			isa = PBXContainerItemProxy;
			containerPortal = 53CF297E2865816500661FB3 /* Project object */;
			proxyType = 1;
			remoteGlobalIDString = 53CF29852865816500661FB3;
			remoteInfo = Mobile;
		};
/* End PBXContainerItemProxy section */

/* Begin PBXFileReference section */
		53CF29862865816500661FB3 /* Mobile.app */ = {isa = PBXFileReference; explicitFileType = wrapper.application; includeInIndex = 0; path = Mobile.app; sourceTree = BUILT_PRODUCTS_DIR; };
		53CF29892865816500661FB3 /* MobileApp.swift */ = {isa = PBXFileReference; lastKnownFileType = sourcecode.swift; path = MobileApp.swift; sourceTree = "<group>"; };
		53CF298B2865816500661FB3 /* ContentView.swift */ = {isa = PBXFileReference; lastKnownFileType = sourcecode.swift; path = ContentView.swift; sourceTree = "<group>"; };
		53CF298D2865816600661FB3 /* Assets.xcassets */ = {isa = PBXFileReference; lastKnownFileType = folder.assetcatalog; path = Assets.xcassets; sourceTree = "<group>"; };
		53CF29902865816600661FB3 /* Preview Assets.xcassets */ = {isa = PBXFileReference; lastKnownFileType = folder.assetcatalog; path = "Preview Assets.xcassets"; sourceTree = "<group>"; };
		53CF29962865816700661FB3 /* MobileTests.xctest */ = {isa = PBXFileReference; explicitFileType = wrapper.cfbundle; includeInIndex = 0; path = MobileTests.xctest; sourceTree = BUILT_PRODUCTS_DIR; };
		53CF299A2865816700661FB3 /* MobileTests.swift */ = {isa = PBXFileReference; lastKnownFileType = sourcecode.swift; path = MobileTests.swift; sourceTree = "<group>"; };
		53CF29A02865816700661FB3 /* MobileUITests.xctest */ = {isa = PBXFileReference; explicitFileType = wrapper.cfbundle; includeInIndex = 0; path = MobileUITests.xctest; sourceTree = BUILT_PRODUCTS_DIR; };
		53CF29A42865816700661FB3 /* MobileUITests.swift */ = {isa = PBXFileReference; lastKnownFileType = sourcecode.swift; path = MobileUITests.swift; sourceTree = "<group>"; };
		53CF29A62865816700661FB3 /* MobileUITestsLaunchTests.swift */ = {isa = PBXFileReference; lastKnownFileType = sourcecode.swift; path = MobileUITestsLaunchTests.swift; sourceTree = "<group>"; };
		53CF29B32865837B00661FB3 /* README.md */ = {isa = PBXFileReference; lastKnownFileType = net.daringfireball.markdown; path = README.md; sourceTree = "<group>"; };
		53CF29B42865A05600661FB3 /* WordPress.swift */ = {isa = PBXFileReference; lastKnownFileType = sourcecode.swift; path = WordPress.swift; sourceTree = "<group>"; };
/* End PBXFileReference section */

/* Begin PBXFrameworksBuildPhase section */
		53CF29832865816500661FB3 /* Frameworks */ = {
			isa = PBXFrameworksBuildPhase;
			buildActionMask = 2147483647;
			files = (
			);
			runOnlyForDeploymentPostprocessing = 0;
		};
		53CF29932865816700661FB3 /* Frameworks */ = {
			isa = PBXFrameworksBuildPhase;
			buildActionMask = 2147483647;
			files = (
			);
			runOnlyForDeploymentPostprocessing = 0;
		};
		53CF299D2865816700661FB3 /* Frameworks */ = {
			isa = PBXFrameworksBuildPhase;
			buildActionMask = 2147483647;
			files = (
			);
			runOnlyForDeploymentPostprocessing = 0;
		};
/* End PBXFrameworksBuildPhase section */

/* Begin PBXGroup section */
		53CF297D2865816500661FB3 = {
			isa = PBXGroup;
			children = (
				53CF29B32865837B00661FB3 /* README.md */,
				53CF29882865816500661FB3 /* Mobile */,
				53CF29992865816700661FB3 /* MobileTests */,
				53CF29A32865816700661FB3 /* MobileUITests */,
				53CF29872865816500661FB3 /* Products */,
			);
			sourceTree = "<group>";
		};
		53CF29872865816500661FB3 /* Products */ = {
			isa = PBXGroup;
			children = (
				53CF29862865816500661FB3 /* Mobile.app */,
				53CF29962865816700661FB3 /* MobileTests.xctest */,
				53CF29A02865816700661FB3 /* MobileUITests.xctest */,
			);
			name = Products;
			sourceTree = "<group>";
		};
		53CF29882865816500661FB3 /* Mobile */ = {
			isa = PBXGroup;
			children = (
				53CF29892865816500661FB3 /* MobileApp.swift */,
				53CF29B42865A05600661FB3 /* WordPress.swift */,
				53CF298B2865816500661FB3 /* ContentView.swift */,
				53CF298D2865816600661FB3 /* Assets.xcassets */,
				53CF298F2865816600661FB3 /* Preview Content */,
			);
			path = Mobile;
			sourceTree = "<group>";
		};
		53CF298F2865816600661FB3 /* Preview Content */ = {
			isa = PBXGroup;
			children = (
				53CF29902865816600661FB3 /* Preview Assets.xcassets */,
			);
			path = "Preview Content";
			sourceTree = "<group>";
		};
		53CF29992865816700661FB3 /* MobileTests */ = {
			isa = PBXGroup;
			children = (
				53CF299A2865816700661FB3 /* MobileTests.swift */,
			);
			path = MobileTests;
			sourceTree = "<group>";
		};
		53CF29A32865816700661FB3 /* MobileUITests */ = {
			isa = PBXGroup;
			children = (
				53CF29A42865816700661FB3 /* MobileUITests.swift */,
				53CF29A62865816700661FB3 /* MobileUITestsLaunchTests.swift */,
			);
			path = MobileUITests;
			sourceTree = "<group>";
		};
/* End PBXGroup section */

/* Begin PBXNativeTarget section */
		53CF29852865816500661FB3 /* Mobile */ = {
			isa = PBXNativeTarget;
			buildConfigurationList = 53CF29AA2865816700661FB3 /* Build configuration list for PBXNativeTarget "Mobile" */;
			buildPhases = (
				53CF29822865816500661FB3 /* Sources */,
				53CF29832865816500661FB3 /* Frameworks */,
				53CF29842865816500661FB3 /* Resources */,
			);
			buildRules = (
			);
			dependencies = (
			);
			name = Mobile;
			productName = Mobile;
			productReference = 53CF29862865816500661FB3 /* Mobile.app */;
			productType = "com.apple.product-type.application";
		};
		53CF29952865816700661FB3 /* MobileTests */ = {
			isa = PBXNativeTarget;
			buildConfigurationList = 53CF29AD2865816700661FB3 /* Build configuration list for PBXNativeTarget "MobileTests" */;
			buildPhases = (
				53CF29922865816700661FB3 /* Sources */,
				53CF29932865816700661FB3 /* Frameworks */,
				53CF29942865816700661FB3 /* Resources */,
			);
			buildRules = (
			);
			dependencies = (
				53CF29982865816700661FB3 /* PBXTargetDependency */,
			);
			name = MobileTests;
			productName = MobileTests;
			productReference = 53CF29962865816700661FB3 /* MobileTests.xctest */;
			productType = "com.apple.product-type.bundle.unit-test";
		};
		53CF299F2865816700661FB3 /* MobileUITests */ = {
			isa = PBXNativeTarget;
			buildConfigurationList = 53CF29B02865816700661FB3 /* Build configuration list for PBXNativeTarget "MobileUITests" */;
			buildPhases = (
				53CF299C2865816700661FB3 /* Sources */,
				53CF299D2865816700661FB3 /* Frameworks */,
				53CF299E2865816700661FB3 /* Resources */,
			);
			buildRules = (
			);
			dependencies = (
				53CF29A22865816700661FB3 /* PBXTargetDependency */,
			);
			name = MobileUITests;
			productName = MobileUITests;
			productReference = 53CF29A02865816700661FB3 /* MobileUITests.xctest */;
			productType = "com.apple.product-type.bundle.ui-testing";
		};
/* End PBXNativeTarget section */

/* Begin PBXProject section */
		53CF297E2865816500661FB3 /* Project object */ = {
			isa = PBXProject;
			attributes = {
				BuildIndependentTargetsInParallel = 1;
				LastSwiftUpdateCheck = 1340;
				LastUpgradeCheck = 1340;
				TargetAttributes = {
					53CF29852865816500661FB3 = {
						CreatedOnToolsVersion = 13.4.1;
					};
					53CF29952865816700661FB3 = {
						CreatedOnToolsVersion = 13.4.1;
						TestTargetID = 53CF29852865816500661FB3;
					};
					53CF299F2865816700661FB3 = {
						CreatedOnToolsVersion = 13.4.1;
						TestTargetID = 53CF29852865816500661FB3;
					};
				};
			};
			buildConfigurationList = 53CF29812865816500661FB3 /* Build configuration list for PBXProject "Mobile" */;
			compatibilityVersion = "Xcode 13.0";
			developmentRegion = en;
			hasScannedForEncodings = 0;
			knownRegions = (
				en,
				Base,
			);
			mainGroup = 53CF297D2865816500661FB3;
			productRefGroup = 53CF29872865816500661FB3 /* Products */;
			projectDirPath = "";
			projectRoot = "";
			targets = (
				53CF29852865816500661FB3 /* Mobile */,
				53CF29952865816700661FB3 /* MobileTests */,
				53CF299F2865816700661FB3 /* MobileUITests */,
			);
		};
/* End PBXProject section */

/* Begin PBXResourcesBuildPhase section */
		53CF29842865816500661FB3 /* Resources */ = {
			isa = PBXResourcesBuildPhase;
			buildActionMask = 2147483647;
			files = (
				53CF29912865816600661FB3 /* Preview Assets.xcassets in Resources */,
				53CF298E2865816600661FB3 /* Assets.xcassets in Resources */,
			);
			runOnlyForDeploymentPostprocessing = 0;
		};
		53CF29942865816700661FB3 /* Resources */ = {
			isa = PBXResourcesBuildPhase;
			buildActionMask = 2147483647;
			files = (
			);
			runOnlyForDeploymentPostprocessing = 0;
		};
		53CF299E2865816700661FB3 /* Resources */ = {
			isa = PBXResourcesBuildPhase;
			buildActionMask = 2147483647;
			files = (
			);
			runOnlyForDeploymentPostprocessing = 0;
		};
/* End PBXResourcesBuildPhase section */

/* Begin PBXSourcesBuildPhase section */
		53CF29822865816500661FB3 /* Sources */ = {
			isa = PBXSourcesBuildPhase;
			buildActionMask = 2147483647;
			files = (
				53CF298C2865816500661FB3 /* ContentView.swift in Sources */,
				53CF298A2865816500661FB3 /* MobileApp.swift in Sources */,
				53CF29B52865A05600661FB3 /* WordPress.swift in Sources */,
			);
			runOnlyForDeploymentPostprocessing = 0;
		};
		53CF29922865816700661FB3 /* Sources */ = {
			isa = PBXSourcesBuildPhase;
			buildActionMask = 2147483647;
			files = (
				53CF299B2865816700661FB3 /* MobileTests.swift in Sources */,
			);
			runOnlyForDeploymentPostprocessing = 0;
		};
		53CF299C2865816700661FB3 /* Sources */ = {
			isa = PBXSourcesBuildPhase;
			buildActionMask = 2147483647;
			files = (
				53CF29A72865816700661FB3 /* MobileUITestsLaunchTests.swift in Sources */,
				53CF29A52865816700661FB3 /* MobileUITests.swift in Sources */,
			);
			runOnlyForDeploymentPostprocessing = 0;
		};
/* End PBXSourcesBuildPhase section */

/* Begin PBXTargetDependency section */
		53CF29982865816700661FB3 /* PBXTargetDependency */ = {
			isa = PBXTargetDependency;
			target = 53CF29852865816500661FB3 /* Mobile */;
			targetProxy = 53CF29972865816700661FB3 /* PBXContainerItemProxy */;
		};
		53CF29A22865816700661FB3 /* PBXTargetDependency */ = {
			isa = PBXTargetDependency;
			target = 53CF29852865816500661FB3 /* Mobile */;
			targetProxy = 53CF29A12865816700661FB3 /* PBXContainerItemProxy */;
		};
/* End PBXTargetDependency section */

/* Begin XCBuildConfiguration section */
		53CF29A82865816700661FB3 /* Debug */ = {
			isa = XCBuildConfiguration;
			buildSettings = {
				ALWAYS_SEARCH_USER_PATHS = NO;
				CLANG_ANALYZER_NONNULL = YES;
				CLANG_ANALYZER_NUMBER_OBJECT_CONVERSION = YES_AGGRESSIVE;
				CLANG_CXX_LANGUAGE_STANDARD = "gnu++17";
				CLANG_ENABLE_MODULES = YES;
				CLANG_ENABLE_OBJC_ARC = YES;
				CLANG_ENABLE_OBJC_WEAK = YES;
				CLANG_WARN_BLOCK_CAPTURE_AUTORELEASING = YES;
				CLANG_WARN_BOOL_CONVERSION = YES;
				CLANG_WARN_COMMA = YES;
				CLANG_WARN_CONSTANT_CONVERSION = YES;
				CLANG_WARN_DEPRECATED_OBJC_IMPLEMENTATIONS = YES;
				CLANG_WARN_DIRECT_OBJC_ISA_USAGE = YES_ERROR;
				CLANG_WARN_DOCUMENTATION_COMMENTS = YES;
				CLANG_WARN_EMPTY_BODY = YES;
				CLANG_WARN_ENUM_CONVERSION = YES;
				CLANG_WARN_INFINITE_RECURSION = YES;
				CLANG_WARN_INT_CONVERSION = YES;
				CLANG_WARN_NON_LITERAL_NULL_CONVERSION = YES;
				CLANG_WARN_OBJC_IMPLICIT_RETAIN_SELF = YES;
				CLANG_WARN_OBJC_LITERAL_CONVERSION = YES;
				CLANG_WARN_OBJC_ROOT_CLASS = YES_ERROR;
				CLANG_WARN_QUOTED_INCLUDE_IN_FRAMEWORK_HEADER = YES;
				CLANG_WARN_RANGE_LOOP_ANALYSIS = YES;
				CLANG_WARN_STRICT_PROTOTYPES = YES;
				CLANG_WARN_SUSPICIOUS_MOVE = YES;
				CLANG_WARN_UNGUARDED_AVAILABILITY = YES_AGGRESSIVE;
				CLANG_WARN_UNREACHABLE_CODE = YES;
				CLANG_WARN__DUPLICATE_METHOD_MATCH = YES;
				COPY_PHASE_STRIP = NO;
				DEBUG_INFORMATION_FORMAT = dwarf;
				ENABLE_STRICT_OBJC_MSGSEND = YES;
				ENABLE_TESTABILITY = YES;
				GCC_C_LANGUAGE_STANDARD = gnu11;
				GCC_DYNAMIC_NO_PIC = NO;
				GCC_NO_COMMON_BLOCKS = YES;
				GCC_OPTIMIZATION_LEVEL = 0;
				GCC_PREPROCESSOR_DEFINITIONS = (
					"DEBUG=1",
					"$(inherited)",
				);
				GCC_WARN_64_TO_32_BIT_CONVERSION = YES;
				GCC_WARN_ABOUT_RETURN_TYPE = YES_ERROR;
				GCC_WARN_UNDECLARED_SELECTOR = YES;
				GCC_WARN_UNINITIALIZED_AUTOS = YES_AGGRESSIVE;
				GCC_WARN_UNUSED_FUNCTION = YES;
				GCC_WARN_UNUSED_VARIABLE = YES;
				IPHONEOS_DEPLOYMENT_TARGET = 15.5;
				MTL_ENABLE_DEBUG_INFO = INCLUDE_SOURCE;
				MTL_FAST_MATH = YES;
				ONLY_ACTIVE_ARCH = YES;
				SDKROOT = iphoneos;
				SWIFT_ACTIVE_COMPILATION_CONDITIONS = DEBUG;
				SWIFT_OPTIMIZATION_LEVEL = "-Onone";
			};
			name = Debug;
		};
		53CF29A92865816700661FB3 /* Release */ = {
			isa = XCBuildConfiguration;
			buildSettings = {
				ALWAYS_SEARCH_USER_PATHS = NO;
				CLANG_ANALYZER_NONNULL = YES;
				CLANG_ANALYZER_NUMBER_OBJECT_CONVERSION = YES_AGGRESSIVE;
				CLANG_CXX_LANGUAGE_STANDARD = "gnu++17";
				CLANG_ENABLE_MODULES = YES;
				CLANG_ENABLE_OBJC_ARC = YES;
				CLANG_ENABLE_OBJC_WEAK = YES;
				CLANG_WARN_BLOCK_CAPTURE_AUTORELEASING = YES;
				CLANG_WARN_BOOL_CONVERSION = YES;
				CLANG_WARN_COMMA = YES;
				CLANG_WARN_CONSTANT_CONVERSION = YES;
				CLANG_WARN_DEPRECATED_OBJC_IMPLEMENTATIONS = YES;
				CLANG_WARN_DIRECT_OBJC_ISA_USAGE = YES_ERROR;
				CLANG_WARN_DOCUMENTATION_COMMENTS = YES;
				CLANG_WARN_EMPTY_BODY = YES;
				CLANG_WARN_ENUM_CONVERSION = YES;
				CLANG_WARN_INFINITE_RECURSION = YES;
				CLANG_WARN_INT_CONVERSION = YES;
				CLANG_WARN_NON_LITERAL_NULL_CONVERSION = YES;
				CLANG_WARN_OBJC_IMPLICIT_RETAIN_SELF = YES;
				CLANG_WARN_OBJC_LITERAL_CONVERSION = YES;
				CLANG_WARN_OBJC_ROOT_CLASS = YES_ERROR;
				CLANG_WARN_QUOTED_INCLUDE_IN_FRAMEWORK_HEADER = YES;
				CLANG_WARN_RANGE_LOOP_ANALYSIS = YES;
				CLANG_WARN_STRICT_PROTOTYPES = YES;
				CLANG_WARN_SUSPICIOUS_MOVE = YES;
				CLANG_WARN_UNGUARDED_AVAILABILITY = YES_AGGRESSIVE;
				CLANG_WARN_UNREACHABLE_CODE = YES;
				CLANG_WARN__DUPLICATE_METHOD_MATCH = YES;
				COPY_PHASE_STRIP = NO;
				DEBUG_INFORMATION_FORMAT = "dwarf-with-dsym";
				ENABLE_NS_ASSERTIONS = NO;
				ENABLE_STRICT_OBJC_MSGSEND = YES;
				GCC_C_LANGUAGE_STANDARD = gnu11;
				GCC_NO_COMMON_BLOCKS = YES;
				GCC_WARN_64_TO_32_BIT_CONVERSION = YES;
				GCC_WARN_ABOUT_RETURN_TYPE = YES_ERROR;
				GCC_WARN_UNDECLARED_SELECTOR = YES;
				GCC_WARN_UNINITIALIZED_AUTOS = YES_AGGRESSIVE;
				GCC_WARN_UNUSED_FUNCTION = YES;
				GCC_WARN_UNUSED_VARIABLE = YES;
				IPHONEOS_DEPLOYMENT_TARGET = 15.5;
				MTL_ENABLE_DEBUG_INFO = NO;
				MTL_FAST_MATH = YES;
				SDKROOT = iphoneos;
				SWIFT_COMPILATION_MODE = wholemodule;
				SWIFT_OPTIMIZATION_LEVEL = "-O";
				VALIDATE_PRODUCT = YES;
			};
			name = Release;
		};
		53CF29AB2865816700661FB3 /* Debug */ = {
			isa = XCBuildConfiguration;
			buildSettings = {
				ASSETCATALOG_COMPILER_APPICON_NAME = AppIcon;
				ASSETCATALOG_COMPILER_GLOBAL_ACCENT_COLOR_NAME = AccentColor;
				CODE_SIGN_STYLE = Automatic;
				CURRENT_PROJECT_VERSION = 1;
				DEVELOPMENT_ASSET_PATHS = "\"Mobile/Preview Content\"";
				ENABLE_PREVIEWS = YES;
				GENERATE_INFOPLIST_FILE = YES;
				INFOPLIST_KEY_UIApplicationSceneManifest_Generation = YES;
				INFOPLIST_KEY_UIApplicationSupportsIndirectInputEvents = YES;
				INFOPLIST_KEY_UILaunchScreen_Generation = YES;
				INFOPLIST_KEY_UISupportedInterfaceOrientations_iPad = "UIInterfaceOrientationPortrait UIInterfaceOrientationPortraitUpsideDown UIInterfaceOrientationLandscapeLeft UIInterfaceOrientationLandscapeRight";
				INFOPLIST_KEY_UISupportedInterfaceOrientations_iPhone = "UIInterfaceOrientationPortrait UIInterfaceOrientationLandscapeLeft UIInterfaceOrientationLandscapeRight";
				LD_RUNPATH_SEARCH_PATHS = (
					"$(inherited)",
					"@executable_path/Frameworks",
				);
				MARKETING_VERSION = 1.0;
				PRODUCT_BUNDLE_IDENTIFIER = com.ArtAboveReality.Mobile;
				PRODUCT_NAME = "$(TARGET_NAME)";
				SWIFT_EMIT_LOC_STRINGS = YES;
				SWIFT_VERSION = 5.0;
				TARGETED_DEVICE_FAMILY = "1,2";
			};
			name = Debug;
		};
		53CF29AC2865816700661FB3 /* Release */ = {
			isa = XCBuildConfiguration;
			buildSettings = {
				ASSETCATALOG_COMPILER_APPICON_NAME = AppIcon;
				ASSETCATALOG_COMPILER_GLOBAL_ACCENT_COLOR_NAME = AccentColor;
				CODE_SIGN_STYLE = Automatic;
				CURRENT_PROJECT_VERSION = 1;
				DEVELOPMENT_ASSET_PATHS = "\"Mobile/Preview Content\"";
				ENABLE_PREVIEWS = YES;
				GENERATE_INFOPLIST_FILE = YES;
				INFOPLIST_KEY_UIApplicationSceneManifest_Generation = YES;
				INFOPLIST_KEY_UIApplicationSupportsIndirectInputEvents = YES;
				INFOPLIST_KEY_UILaunchScreen_Generation = YES;
				INFOPLIST_KEY_UISupportedInterfaceOrientations_iPad = "UIInterfaceOrientationPortrait UIInterfaceOrientationPortraitUpsideDown UIInterfaceOrientationLandscapeLeft UIInterfaceOrientationLandscapeRight";
				INFOPLIST_KEY_UISupportedInterfaceOrientations_iPhone = "UIInterfaceOrientationPortrait UIInterfaceOrientationLandscapeLeft UIInterfaceOrientationLandscapeRight";
				LD_RUNPATH_SEARCH_PATHS = (
					"$(inherited)",
					"@executable_path/Frameworks",
				);
				MARKETING_VERSION = 1.0;
				PRODUCT_BUNDLE_IDENTIFIER = com.ArtAboveReality.Mobile;
				PRODUCT_NAME = "$(TARGET_NAME)";
				SWIFT_EMIT_LOC_STRINGS = YES;
				SWIFT_VERSION = 5.0;
				TARGETED_DEVICE_FAMILY = "1,2";
			};
			name = Release;
		};
		53CF29AE2865816700661FB3 /* Debug */ = {
			isa = XCBuildConfiguration;
			buildSettings = {
				ALWAYS_EMBED_SWIFT_STANDARD_LIBRARIES = YES;
				BUNDLE_LOADER = "$(TEST_HOST)";
				CODE_SIGN_STYLE = Automatic;
				CURRENT_PROJECT_VERSION = 1;
				GENERATE_INFOPLIST_FILE = YES;
				IPHONEOS_DEPLOYMENT_TARGET = 15.5;
				MARKETING_VERSION = 1.0;
				PRODUCT_BUNDLE_IDENTIFIER = com.ArtAboveReality.MobileTests;
				PRODUCT_NAME = "$(TARGET_NAME)";
				SWIFT_EMIT_LOC_STRINGS = NO;
				SWIFT_VERSION = 5.0;
				TARGETED_DEVICE_FAMILY = "1,2";
				TEST_HOST = "$(BUILT_PRODUCTS_DIR)/Mobile.app/Mobile";
			};
			name = Debug;
		};
		53CF29AF2865816700661FB3 /* Release */ = {
			isa = XCBuildConfiguration;
			buildSettings = {
				ALWAYS_EMBED_SWIFT_STANDARD_LIBRARIES = YES;
				BUNDLE_LOADER = "$(TEST_HOST)";
				CODE_SIGN_STYLE = Automatic;
				CURRENT_PROJECT_VERSION = 1;
				GENERATE_INFOPLIST_FILE = YES;
				IPHONEOS_DEPLOYMENT_TARGET = 15.5;
				MARKETING_VERSION = 1.0;
				PRODUCT_BUNDLE_IDENTIFIER = com.ArtAboveReality.MobileTests;
				PRODUCT_NAME = "$(TARGET_NAME)";
				SWIFT_EMIT_LOC_STRINGS = NO;
				SWIFT_VERSION = 5.0;
				TARGETED_DEVICE_FAMILY = "1,2";
				TEST_HOST = "$(BUILT_PRODUCTS_DIR)/Mobile.app/Mobile";
			};
			name = Release;
		};
		53CF29B12865816700661FB3 /* Debug */ = {
			isa = XCBuildConfiguration;
			buildSettings = {
				ALWAYS_EMBED_SWIFT_STANDARD_LIBRARIES = YES;
				CODE_SIGN_STYLE = Automatic;
				CURRENT_PROJECT_VERSION = 1;
				GENERATE_INFOPLIST_FILE = YES;
				MARKETING_VERSION = 1.0;
				PRODUCT_BUNDLE_IDENTIFIER = com.ArtAboveReality.MobileUITests;
				PRODUCT_NAME = "$(TARGET_NAME)";
				SWIFT_EMIT_LOC_STRINGS = NO;
				SWIFT_VERSION = 5.0;
				TARGETED_DEVICE_FAMILY = "1,2";
				TEST_TARGET_NAME = Mobile;
			};
			name = Debug;
		};
		53CF29B22865816700661FB3 /* Release */ = {
			isa = XCBuildConfiguration;
			buildSettings = {
				ALWAYS_EMBED_SWIFT_STANDARD_LIBRARIES = YES;
				CODE_SIGN_STYLE = Automatic;
				CURRENT_PROJECT_VERSION = 1;
				GENERATE_INFOPLIST_FILE = YES;
				MARKETING_VERSION = 1.0;
				PRODUCT_BUNDLE_IDENTIFIER = com.ArtAboveReality.MobileUITests;
				PRODUCT_NAME = "$(TARGET_NAME)";
				SWIFT_EMIT_LOC_STRINGS = NO;
				SWIFT_VERSION = 5.0;
				TARGETED_DEVICE_FAMILY = "1,2";
				TEST_TARGET_NAME = Mobile;
			};
			name = Release;
		};
/* End XCBuildConfiguration section */

/* Begin XCConfigurationList section */
		53CF29812865816500661FB3 /* Build configuration list for PBXProject "Mobile" */ = {
			isa = XCConfigurationList;
			buildConfigurations = (
				53CF29A82865816700661FB3 /* Debug */,
				53CF29A92865816700661FB3 /* Release */,
			);
			defaultConfigurationIsVisible = 0;
			defaultConfigurationName = Release;
		};
		53CF29AA2865816700661FB3 /* Build configuration list for PBXNativeTarget "Mobile" */ = {
			isa = XCConfigurationList;
			buildConfigurations = (
				53CF29AB2865816700661FB3 /* Debug */,
				53CF29AC2865816700661FB3 /* Release */,
			);
			defaultConfigurationIsVisible = 0;
			defaultConfigurationName = Release;
		};
		53CF29AD2865816700661FB3 /* Build configuration list for PBXNativeTarget "MobileTests" */ = {
			isa = XCConfigurationList;
			buildConfigurations = (
				53CF29AE2865816700661FB3 /* Debug */,
				53CF29AF2865816700661FB3 /* Release */,
			);
			defaultConfigurationIsVisible = 0;
			defaultConfigurationName = Release;
		};
		53CF29B02865816700661FB3 /* Build configuration list for PBXNativeTarget "MobileUITests" */ = {
			isa = XCConfigurationList;
			buildConfigurations = (
				53CF29B12865816700661FB3 /* Debug */,
				53CF29B22865816700661FB3 /* Release */,
			);
			defaultConfigurationIsVisible = 0;
			defaultConfigurationName = Release;
		};
/* End XCConfigurationList section */
	};
	rootObject = 53CF297E2865816500661FB3 /* Project object */;
}
